
Microsoft Visual Studio Solution File, Format Version 12.00
# Visual Studio Version 17
VisualStudioVersion = 17.9.34607.119
MinimumVisualStudioVersion = 10.0.40219.1
Project("{FAE04EC0-301F-11D3-BF4B-00C04F79EFBC}") = "VantageWPFClient", "VantageWPFClient.csproj", "{87E970C9-5964-49B0-A193-BB9B78C8A54E}"
EndProject
Global
	GlobalSection(SolutionConfigurationPlatforms) = preSolution
		Debug|Any CPU = Debug|Any CPU
		Release|Any CPU = Release|Any CPU
	EndGlobalSection
	GlobalSection(ProjectConfigurationPlatforms) = postSolution
		{87E970C9-5964-49B0-A193-BB9B78C8A54E}.Debug|Any CPU.ActiveCfg = Debug|Any CPU
		{87E970C9-5964-49B0-A193-BB9B78C8A54E}.Debug|Any CPU.Build.0 = Debug|Any CPU
		{87E970C9-5964-49B0-A193-BB9B78C8A54E}.Release|Any CPU.ActiveCfg = Release|Any CPU
		{87E970C9-5964-49B0-A193-BB9B78C8A54E}.Release|Any CPU.Build.0 = Release|Any CPU
	EndGlobalSection
	GlobalSection(SolutionProperties) = preSolution
		HideSolutionNode = FALSE
	EndGlobalSection
	GlobalSection(ExtensibilityGlobals) = postSolution
		SolutionGuid = {88C2759F-B6ED-409A-9C55-59D5E48D8F56}
	EndGlobalSection
EndGlobal
